
Microsoft Visual Studio Solution File, Format Version 12.00
# Visual Studio Version 17
VisualStudioVersion = 17.0.31903.59
MinimumVisualStudioVersion = 10.0.40219.1
Project("{2150E333-8FDC-42A3-9474-1A3956D46DE8}") = "Services", "Services", "{0E84D249-25CD-4A68-81CB-FFEB6EFCE303}"
EndProject
Project("{2150E333-8FDC-42A3-9474-1A3956D46DE8}") = "Catalog", "Catalog", "{72F31FB9-36EB-4AC1-BB68-9F8F125B8912}"
	ProjectSection(SolutionItems) = preProject
		Services\Catalog\mongo-commands.txt = Services\Catalog\mongo-commands.txt
	EndProjectSection
EndProject
Project("{9A19103F-16F7-4668-BE54-9A1E7A4F7556}") = "Catalog.API", "Services\Catalog\Catalog.API\Catalog.API.csproj", "{2EFD3735-5CBD-4A56-A949-0E8546092DC1}"
EndProject
Project("{2150E333-8FDC-42A3-9474-1A3956D46DE8}") = "Solution Items", "Solution Items", "{25E26E29-94D2-481E-AB19-E21727D2C6A8}"
	ProjectSection(SolutionItems) = preProject
		.editorconfig = .editorconfig
	EndProjectSection
EndProject
Project("{E53339B2-1760-4266-BCC7-CA923CBCF16C}") = "docker-compose", "docker-compose.dcproj", "{FDAC8B81-B12F-4861-B2D1-FFAD95FB2AA5}"
EndProject
Project("{2150E333-8FDC-42A3-9474-1A3956D46DE8}") = "Basket", "Basket", "{5314DABB-ED92-4EBE-9CCD-DC800863E04C}"
EndProject
Project("{FAE04EC0-301F-11D3-BF4B-00C04F79EFBC}") = "Basket.API", "Services\Basket\Basket.API\Basket.API.csproj", "{720F0608-AA1D-465F-A4B0-FB4CCFBB338A}"
EndProject
Global
	GlobalSection(SolutionConfigurationPlatforms) = preSolution
		Debug|Any CPU = Debug|Any CPU
		Release|Any CPU = Release|Any CPU
	EndGlobalSection
	GlobalSection(ProjectConfigurationPlatforms) = postSolution
		{2EFD3735-5CBD-4A56-A949-0E8546092DC1}.Debug|Any CPU.ActiveCfg = Debug|Any CPU
		{2EFD3735-5CBD-4A56-A949-0E8546092DC1}.Debug|Any CPU.Build.0 = Debug|Any CPU
		{2EFD3735-5CBD-4A56-A949-0E8546092DC1}.Release|Any CPU.ActiveCfg = Release|Any CPU
		{2EFD3735-5CBD-4A56-A949-0E8546092DC1}.Release|Any CPU.Build.0 = Release|Any CPU
		{FDAC8B81-B12F-4861-B2D1-FFAD95FB2AA5}.Debug|Any CPU.ActiveCfg = Debug|Any CPU
		{FDAC8B81-B12F-4861-B2D1-FFAD95FB2AA5}.Debug|Any CPU.Build.0 = Debug|Any CPU
		{FDAC8B81-B12F-4861-B2D1-FFAD95FB2AA5}.Release|Any CPU.ActiveCfg = Release|Any CPU
		{FDAC8B81-B12F-4861-B2D1-FFAD95FB2AA5}.Release|Any CPU.Build.0 = Release|Any CPU
		{720F0608-AA1D-465F-A4B0-FB4CCFBB338A}.Debug|Any CPU.ActiveCfg = Debug|Any CPU
		{720F0608-AA1D-465F-A4B0-FB4CCFBB338A}.Debug|Any CPU.Build.0 = Debug|Any CPU
		{720F0608-AA1D-465F-A4B0-FB4CCFBB338A}.Release|Any CPU.ActiveCfg = Release|Any CPU
		{720F0608-AA1D-465F-A4B0-FB4CCFBB338A}.Release|Any CPU.Build.0 = Release|Any CPU
	EndGlobalSection
	GlobalSection(SolutionProperties) = preSolution
		HideSolutionNode = FALSE
	EndGlobalSection
	GlobalSection(NestedProjects) = preSolution
		{72F31FB9-36EB-4AC1-BB68-9F8F125B8912} = {0E84D249-25CD-4A68-81CB-FFEB6EFCE303}
		{2EFD3735-5CBD-4A56-A949-0E8546092DC1} = {72F31FB9-36EB-4AC1-BB68-9F8F125B8912}
		{5314DABB-ED92-4EBE-9CCD-DC800863E04C} = {0E84D249-25CD-4A68-81CB-FFEB6EFCE303}
		{720F0608-AA1D-465F-A4B0-FB4CCFBB338A} = {5314DABB-ED92-4EBE-9CCD-DC800863E04C}
	EndGlobalSection
	GlobalSection(ExtensibilityGlobals) = postSolution
		SolutionGuid = {C4B12A95-AA22-4E44-92CC-C6534C75D02C}
	EndGlobalSection
EndGlobal
