
Microsoft Visual Studio Solution File, Format Version 12.00
# Visual Studio Version 17
VisualStudioVersion = 17.0.31903.59
MinimumVisualStudioVersion = 10.0.40219.1
Project("{2150E333-8FDC-42A3-9474-1A3956D46DE8}") = "Services", "Services", "{0E84D249-25CD-4A68-81CB-FFEB6EFCE303}"
EndProject
Project("{2150E333-8FDC-42A3-9474-1A3956D46DE8}") = "Catalog", "Catalog", "{72F31FB9-36EB-4AC1-BB68-9F8F125B8912}"
	ProjectSection(SolutionItems) = preProject
		Services\Catalog\mongo-commands.txt = Services\Catalog\mongo-commands.txt
	EndProjectSection
EndProject
Project("{9A19103F-16F7-4668-BE54-9A1E7A4F7556}") = "Catalog.API", "Services\Catalog\Catalog.API\Catalog.API.csproj", "{2EFD3735-5CBD-4A56-A949-0E8546092DC1}"
EndProject
Project("{2150E333-8FDC-42A3-9474-1A3956D46DE8}") = "Solution Items", "Solution Items", "{25E26E29-94D2-481E-AB19-E21727D2C6A8}"
	ProjectSection(SolutionItems) = preProject
		.editorconfig = .editorconfig
		..\.gitignore = ..\.gitignore
		..\README.md = ..\README.md
	EndProjectSection
EndProject
Project("{E53339B2-1760-4266-BCC7-CA923CBCF16C}") = "docker-compose", "docker-compose.dcproj", "{FDAC8B81-B12F-4861-B2D1-FFAD95FB2AA5}"
EndProject
Project("{2150E333-8FDC-42A3-9474-1A3956D46DE8}") = "Basket", "Basket", "{5314DABB-ED92-4EBE-9CCD-DC800863E04C}"
EndProject
Project("{9A19103F-16F7-4668-BE54-9A1E7A4F7556}") = "Basket.API", "Services\Basket\Basket.API\Basket.API.csproj", "{720F0608-AA1D-465F-A4B0-FB4CCFBB338A}"
EndProject
Project("{2150E333-8FDC-42A3-9474-1A3956D46DE8}") = "Discount", "Discount", "{671A839D-137E-4E41-A3A5-A43C6B9FD14C}"
	ProjectSection(SolutionItems) = preProject
		Coupon-Postgres-Commands.txt = Coupon-Postgres-Commands.txt
	EndProjectSection
EndProject
Project("{9A19103F-16F7-4668-BE54-9A1E7A4F7556}") = "Discount.API", "Services\Discount\Discount.API\Discount.API.csproj", "{124D8D62-B527-4866-9A82-7C60A0E98D65}"
EndProject
Project("{9A19103F-16F7-4668-BE54-9A1E7A4F7556}") = "Discount.Grpc", "Services\Discount\Discount.Grpc\Discount.Grpc.csproj", "{8678B297-23DB-4867-AC4A-32414A8D8FA0}"
EndProject
Project("{2150E333-8FDC-42A3-9474-1A3956D46DE8}") = "Ordering", "Ordering", "{6BA92CF9-8873-47E7-BA23-0419451D9FD3}"
EndProject
Project("{9A19103F-16F7-4668-BE54-9A1E7A4F7556}") = "Ordering.API", "Services\Ordering\Ordering.API\Ordering.API.csproj", "{1FD5EA33-4E62-40F3-A496-1CF22E123257}"
EndProject
Project("{9A19103F-16F7-4668-BE54-9A1E7A4F7556}") = "Ordering.Domain", "Services\Ordering\Ordering.Domain\Ordering.Domain.csproj", "{D866631F-0A6B-4A65-92F7-159C288E36DD}"
EndProject
Project("{9A19103F-16F7-4668-BE54-9A1E7A4F7556}") = "Ordering.Application", "Services\Ordering\Ordering.Application\Ordering.Application.csproj", "{0C79DAE5-EF02-4AA0-9BBC-F16F481CCAA5}"
EndProject
Project("{9A19103F-16F7-4668-BE54-9A1E7A4F7556}") = "Ordering.Infrastructure", "Services\Ordering\Ordering.Infrastructure\Ordering.Infrastructure.csproj", "{84EBCF05-165D-48AF-A113-45A3C09AF794}"
EndProject
Project("{2150E333-8FDC-42A3-9474-1A3956D46DE8}") = "BuildingBlocks", "BuildingBlocks", "{89DBD485-7FFC-4F3E-A068-D5FCF1AD078F}"
EndProject
Project("{9A19103F-16F7-4668-BE54-9A1E7A4F7556}") = "EventBus.Messages", "BuildingBlocks\EventBus.Messages\EventBus.Messages.csproj", "{21C2A0B4-0D13-4ACD-8F49-D273D165C1CB}"
EndProject
Project("{2150E333-8FDC-42A3-9474-1A3956D46DE8}") = "Commands", "Commands", "{5E16E852-B45A-439E-B7A8-D566F02A2218}"
	ProjectSection(SolutionItems) = preProject
		..\commands\basket-commands.txt = ..\commands\basket-commands.txt
		..\commands\coupon-postgres-commands.txt = ..\commands\coupon-postgres-commands.txt
		..\commands\ordering-commands.txt = ..\commands\ordering-commands.txt
		..\commands\postman_collection.json = ..\commands\postman_collection.json
		..\commands\redis-commands.txt = ..\commands\redis-commands.txt
	EndProjectSection
EndProject
Project("{2150E333-8FDC-42A3-9474-1A3956D46DE8}") = "ApiGateways", "ApiGateways", "{6D07A6B2-970D-4600-830E-07AD103D9757}"
EndProject
Project("{FAE04EC0-301F-11D3-BF4B-00C04F79EFBC}") = "OcelotApiGw", "ApiGateways\OcelotApiGw\OcelotApiGw.csproj", "{4FC5648D-8C98-4166-AC94-2D4818564385}"
EndProject
Project("{FAE04EC0-301F-11D3-BF4B-00C04F79EFBC}") = "Shopping.Aggregator", "ApiGateways\Shopping.Aggregator\Shopping.Aggregator.csproj", "{A6CD3C01-F904-43CB-BFE5-22F38A8BC458}"
EndProject
Global
	GlobalSection(SolutionConfigurationPlatforms) = preSolution
		Debug|Any CPU = Debug|Any CPU
		Release|Any CPU = Release|Any CPU
	EndGlobalSection
	GlobalSection(ProjectConfigurationPlatforms) = postSolution
		{2EFD3735-5CBD-4A56-A949-0E8546092DC1}.Debug|Any CPU.ActiveCfg = Debug|Any CPU
		{2EFD3735-5CBD-4A56-A949-0E8546092DC1}.Debug|Any CPU.Build.0 = Debug|Any CPU
		{2EFD3735-5CBD-4A56-A949-0E8546092DC1}.Release|Any CPU.ActiveCfg = Release|Any CPU
		{2EFD3735-5CBD-4A56-A949-0E8546092DC1}.Release|Any CPU.Build.0 = Release|Any CPU
		{FDAC8B81-B12F-4861-B2D1-FFAD95FB2AA5}.Debug|Any CPU.ActiveCfg = Debug|Any CPU
		{FDAC8B81-B12F-4861-B2D1-FFAD95FB2AA5}.Debug|Any CPU.Build.0 = Debug|Any CPU
		{FDAC8B81-B12F-4861-B2D1-FFAD95FB2AA5}.Release|Any CPU.ActiveCfg = Release|Any CPU
		{FDAC8B81-B12F-4861-B2D1-FFAD95FB2AA5}.Release|Any CPU.Build.0 = Release|Any CPU
		{720F0608-AA1D-465F-A4B0-FB4CCFBB338A}.Debug|Any CPU.ActiveCfg = Debug|Any CPU
		{720F0608-AA1D-465F-A4B0-FB4CCFBB338A}.Debug|Any CPU.Build.0 = Debug|Any CPU
		{720F0608-AA1D-465F-A4B0-FB4CCFBB338A}.Release|Any CPU.ActiveCfg = Release|Any CPU
		{720F0608-AA1D-465F-A4B0-FB4CCFBB338A}.Release|Any CPU.Build.0 = Release|Any CPU
		{124D8D62-B527-4866-9A82-7C60A0E98D65}.Debug|Any CPU.ActiveCfg = Debug|Any CPU
		{124D8D62-B527-4866-9A82-7C60A0E98D65}.Debug|Any CPU.Build.0 = Debug|Any CPU
		{124D8D62-B527-4866-9A82-7C60A0E98D65}.Release|Any CPU.ActiveCfg = Release|Any CPU
		{124D8D62-B527-4866-9A82-7C60A0E98D65}.Release|Any CPU.Build.0 = Release|Any CPU
		{8678B297-23DB-4867-AC4A-32414A8D8FA0}.Debug|Any CPU.ActiveCfg = Debug|Any CPU
		{8678B297-23DB-4867-AC4A-32414A8D8FA0}.Debug|Any CPU.Build.0 = Debug|Any CPU
		{8678B297-23DB-4867-AC4A-32414A8D8FA0}.Release|Any CPU.ActiveCfg = Release|Any CPU
		{8678B297-23DB-4867-AC4A-32414A8D8FA0}.Release|Any CPU.Build.0 = Release|Any CPU
		{1FD5EA33-4E62-40F3-A496-1CF22E123257}.Debug|Any CPU.ActiveCfg = Debug|Any CPU
		{1FD5EA33-4E62-40F3-A496-1CF22E123257}.Debug|Any CPU.Build.0 = Debug|Any CPU
		{1FD5EA33-4E62-40F3-A496-1CF22E123257}.Release|Any CPU.ActiveCfg = Release|Any CPU
		{1FD5EA33-4E62-40F3-A496-1CF22E123257}.Release|Any CPU.Build.0 = Release|Any CPU
		{D866631F-0A6B-4A65-92F7-159C288E36DD}.Debug|Any CPU.ActiveCfg = Debug|Any CPU
		{D866631F-0A6B-4A65-92F7-159C288E36DD}.Debug|Any CPU.Build.0 = Debug|Any CPU
		{D866631F-0A6B-4A65-92F7-159C288E36DD}.Release|Any CPU.ActiveCfg = Release|Any CPU
		{D866631F-0A6B-4A65-92F7-159C288E36DD}.Release|Any CPU.Build.0 = Release|Any CPU
		{0C79DAE5-EF02-4AA0-9BBC-F16F481CCAA5}.Debug|Any CPU.ActiveCfg = Debug|Any CPU
		{0C79DAE5-EF02-4AA0-9BBC-F16F481CCAA5}.Debug|Any CPU.Build.0 = Debug|Any CPU
		{0C79DAE5-EF02-4AA0-9BBC-F16F481CCAA5}.Release|Any CPU.ActiveCfg = Release|Any CPU
		{0C79DAE5-EF02-4AA0-9BBC-F16F481CCAA5}.Release|Any CPU.Build.0 = Release|Any CPU
		{84EBCF05-165D-48AF-A113-45A3C09AF794}.Debug|Any CPU.ActiveCfg = Debug|Any CPU
		{84EBCF05-165D-48AF-A113-45A3C09AF794}.Debug|Any CPU.Build.0 = Debug|Any CPU
		{84EBCF05-165D-48AF-A113-45A3C09AF794}.Release|Any CPU.ActiveCfg = Release|Any CPU
		{84EBCF05-165D-48AF-A113-45A3C09AF794}.Release|Any CPU.Build.0 = Release|Any CPU
		{21C2A0B4-0D13-4ACD-8F49-D273D165C1CB}.Debug|Any CPU.ActiveCfg = Debug|Any CPU
		{21C2A0B4-0D13-4ACD-8F49-D273D165C1CB}.Debug|Any CPU.Build.0 = Debug|Any CPU
		{21C2A0B4-0D13-4ACD-8F49-D273D165C1CB}.Release|Any CPU.ActiveCfg = Release|Any CPU
		{21C2A0B4-0D13-4ACD-8F49-D273D165C1CB}.Release|Any CPU.Build.0 = Release|Any CPU
		{4FC5648D-8C98-4166-AC94-2D4818564385}.Debug|Any CPU.ActiveCfg = Debug|Any CPU
		{4FC5648D-8C98-4166-AC94-2D4818564385}.Debug|Any CPU.Build.0 = Debug|Any CPU
		{4FC5648D-8C98-4166-AC94-2D4818564385}.Release|Any CPU.ActiveCfg = Release|Any CPU
		{4FC5648D-8C98-4166-AC94-2D4818564385}.Release|Any CPU.Build.0 = Release|Any CPU
		{A6CD3C01-F904-43CB-BFE5-22F38A8BC458}.Debug|Any CPU.ActiveCfg = Debug|Any CPU
		{A6CD3C01-F904-43CB-BFE5-22F38A8BC458}.Debug|Any CPU.Build.0 = Debug|Any CPU
		{A6CD3C01-F904-43CB-BFE5-22F38A8BC458}.Release|Any CPU.ActiveCfg = Release|Any CPU
		{A6CD3C01-F904-43CB-BFE5-22F38A8BC458}.Release|Any CPU.Build.0 = Release|Any CPU
	EndGlobalSection
	GlobalSection(SolutionProperties) = preSolution
		HideSolutionNode = FALSE
	EndGlobalSection
	GlobalSection(NestedProjects) = preSolution
		{72F31FB9-36EB-4AC1-BB68-9F8F125B8912} = {0E84D249-25CD-4A68-81CB-FFEB6EFCE303}
		{2EFD3735-5CBD-4A56-A949-0E8546092DC1} = {72F31FB9-36EB-4AC1-BB68-9F8F125B8912}
		{5314DABB-ED92-4EBE-9CCD-DC800863E04C} = {0E84D249-25CD-4A68-81CB-FFEB6EFCE303}
		{720F0608-AA1D-465F-A4B0-FB4CCFBB338A} = {5314DABB-ED92-4EBE-9CCD-DC800863E04C}
		{671A839D-137E-4E41-A3A5-A43C6B9FD14C} = {0E84D249-25CD-4A68-81CB-FFEB6EFCE303}
		{124D8D62-B527-4866-9A82-7C60A0E98D65} = {671A839D-137E-4E41-A3A5-A43C6B9FD14C}
		{8678B297-23DB-4867-AC4A-32414A8D8FA0} = {671A839D-137E-4E41-A3A5-A43C6B9FD14C}
		{6BA92CF9-8873-47E7-BA23-0419451D9FD3} = {0E84D249-25CD-4A68-81CB-FFEB6EFCE303}
		{1FD5EA33-4E62-40F3-A496-1CF22E123257} = {6BA92CF9-8873-47E7-BA23-0419451D9FD3}
		{D866631F-0A6B-4A65-92F7-159C288E36DD} = {6BA92CF9-8873-47E7-BA23-0419451D9FD3}
		{0C79DAE5-EF02-4AA0-9BBC-F16F481CCAA5} = {6BA92CF9-8873-47E7-BA23-0419451D9FD3}
		{84EBCF05-165D-48AF-A113-45A3C09AF794} = {6BA92CF9-8873-47E7-BA23-0419451D9FD3}
		{21C2A0B4-0D13-4ACD-8F49-D273D165C1CB} = {89DBD485-7FFC-4F3E-A068-D5FCF1AD078F}
		{5E16E852-B45A-439E-B7A8-D566F02A2218} = {25E26E29-94D2-481E-AB19-E21727D2C6A8}
		{4FC5648D-8C98-4166-AC94-2D4818564385} = {6D07A6B2-970D-4600-830E-07AD103D9757}
		{A6CD3C01-F904-43CB-BFE5-22F38A8BC458} = {6D07A6B2-970D-4600-830E-07AD103D9757}
	EndGlobalSection
	GlobalSection(ExtensibilityGlobals) = postSolution
		SolutionGuid = {C4B12A95-AA22-4E44-92CC-C6534C75D02C}
	EndGlobalSection
EndGlobal
